
Microsoft Visual Studio Solution File, Format Version 12.00
# Visual Studio 15
VisualStudioVersion = 15.0.28010.2016
MinimumVisualStudioVersion = 10.0.40219.1
Project("{FAE04EC0-301F-11D3-BF4B-00C04F79EFBC}") = "GuitarThing", "GuitarThing\GuitarThing.csproj", "{B8B3FFFA-8DEA-4439-8AD7-5E00072CEFE4}"
EndProject
Global
	GlobalSection(SolutionConfigurationPlatforms) = preSolution
		Debug|Any CPU = Debug|Any CPU
		Release|Any CPU = Release|Any CPU
	EndGlobalSection
	GlobalSection(ProjectConfigurationPlatforms) = postSolution
		{B8B3FFFA-8DEA-4439-8AD7-5E00072CEFE4}.Debug|Any CPU.ActiveCfg = Debug|Any CPU
		{B8B3FFFA-8DEA-4439-8AD7-5E00072CEFE4}.Debug|Any CPU.Build.0 = Debug|Any CPU
		{B8B3FFFA-8DEA-4439-8AD7-5E00072CEFE4}.Release|Any CPU.ActiveCfg = Release|Any CPU
		{B8B3FFFA-8DEA-4439-8AD7-5E00072CEFE4}.Release|Any CPU.Build.0 = Release|Any CPU
	EndGlobalSection
	GlobalSection(SolutionProperties) = preSolution
		HideSolutionNode = FALSE
	EndGlobalSection
	GlobalSection(ExtensibilityGlobals) = postSolution
		SolutionGuid = {4A25E426-4417-43F6-A415-98011753B3EE}
	EndGlobalSection
EndGlobal
